PODS:
  - PayByBank (1.0):
    - PayByBank/Core (= 1.0)
  - PayByBank/Core (1.0)

DEPENDENCIES:
  - PayByBank (from `../`)

EXTERNAL SOURCES:
  PayByBank:
    :path: "../"

SPEC CHECKSUMS:
  PayByBank: dd5097847a549b70df531f4cfc004a1b816bc115

PODFILE CHECKSUM: 8be680b46da0d61b84a5a43a9b4b28f2e3a870a5

COCOAPODS: 1.11.2
