PODS:
  - PaylinkMobileSDK-iOS (1.0)

DEPENDENCIES:
  - PaylinkMobileSDK-iOS (from `../`)

EXTERNAL SOURCES:
  PaylinkMobileSDK-iOS:
    :path: "../"

SPEC CHECKSUMS:
  PaylinkMobileSDK-iOS: 1fca35240156bc119dd659eadde32f01c0728bfb

PODFILE CHECKSUM: 8c6dac471a2ca01de48446e3d301038bff796c1a

COCOAPODS: 1.10.1
