// !$*UTF8*$!
{
	archiveVersion = 1;
	classes = {
	};
	objectVersion = 55;
	objects = {

/* Begin PBXBuildFile section */
		3EC671A9C258A225946D5EFA /* Pods_Example.framework in Frameworks */ = {isa = PBXBuildFile; fileRef = 94412FB9025F5CDCAF142232 /* Pods_Example.framework */; };
		605411E427676A2D0044D861 /* ExampleTests.swift in Sources */ = {isa = PBXBuildFile; fileRef = 605411E327676A2D0044D861 /* ExampleTests.swift */; };
		605411EE27676A2E0044D861 /* ExampleUITests.swift in Sources */ = {isa = PBXBuildFile; fileRef = 605411ED27676A2E0044D861 /* ExampleUITests.swift */; };
		605411F027676A2E0044D861 /* ExampleUITestsLaunchTests.swift in Sources */ = {isa = PBXBuildFile; fileRef = 605411EF27676A2E0044D861 /* ExampleUITestsLaunchTests.swift */; };
		606AD00527FED5BD00F18782 /* DatalinkVC.swift in Sources */ = {isa = PBXBuildFile; fileRef = 606AD00427FED5BD00F18782 /* DatalinkVC.swift */; };
		606AD00827FED73500F18782 /* TabsVC.swift in Sources */ = {isa = PBXBuildFile; fileRef = 606AD00727FED73500F18782 /* TabsVC.swift */; };
		60FD543027758D7000EB7080 /* Button.swift in Sources */ = {isa = PBXBuildFile; fileRef = 60FD542F27758D6F00EB7080 /* Button.swift */; };
		60FD543227758E7B00EB7080 /* Label.swift in Sources */ = {isa = PBXBuildFile; fileRef = 60FD543127758E7B00EB7080 /* Label.swift */; };
		60FD543527758FEC00EB7080 /* TextField.swift in Sources */ = {isa = PBXBuildFile; fileRef = 60FD543427758FEC00EB7080 /* TextField.swift */; };
		60FD54382775903600EB7080 /* Color.swift in Sources */ = {isa = PBXBuildFile; fileRef = 60FD54372775903600EB7080 /* Color.swift */; };
		60FD543A2775906800EB7080 /* Font.swift in Sources */ = {isa = PBXBuildFile; fileRef = 60FD54392775906800EB7080 /* Font.swift */; };
		95DDCE539A93406FCC280303 /* Pods_ExampleTests.framework in Frameworks */ = {isa = PBXBuildFile; fileRef = A39B598098C0F066E7EEEC69 /* Pods_ExampleTests.framework */; };
		D6F46041276B6EAB00D49C4E /* AppDelegate.swift in Sources */ = {isa = PBXBuildFile; fileRef = D6F4603B276B6EAB00D49C4E /* AppDelegate.swift */; };
		D6F46042276B6EAB00D49C4E /* Assets.xcassets in Resources */ = {isa = PBXBuildFile; fileRef = D6F4603C276B6EAB00D49C4E /* Assets.xcassets */; };
		D6F46044276B6EAB00D49C4E /* PaylinkVC.swift in Sources */ = {isa = PBXBuildFile; fileRef = D6F4603E276B6EAB00D49C4E /* PaylinkVC.swift */; };
		D6F46046276B6F4900D49C4E /* LaunchScreen.storyboard in Resources */ = {isa = PBXBuildFile; fileRef = D6F46045276B6F4900D49C4E /* LaunchScreen.storyboard */; };
		D6F46048276B6F6600D49C4E /* Main.storyboard in Resources */ = {isa = PBXBuildFile; fileRef = D6F46047276B6F6600D49C4E /* Main.storyboard */; };
		FDD9496B85DDB50D1C7D641C /* Pods_Example_ExampleUITests.framework in Frameworks */ = {isa = PBXBuildFile; fileRef = 225621A28AB641ACAF024272 /* Pods_Example_ExampleUITests.framework */; };
/* End PBXBuildFile section */

/* Begin PBXContainerItemProxy section */
		605411E027676A2D0044D861 /* PBXContainerItemProxy */ = {
			isa = PBXContainerItemProxy;
			containerPortal = 605411C127676A2C0044D861 /* Project object */;
			proxyType = 1;
			remoteGlobalIDString = 605411C827676A2C0044D861;
			remoteInfo = Example;
		};
		605411EA27676A2E0044D861 /* PBXContainerItemProxy */ = {
			isa = PBXContainerItemProxy;
			containerPortal = 605411C127676A2C0044D861 /* Project object */;
			proxyType = 1;
			remoteGlobalIDString = 605411C827676A2C0044D861;
			remoteInfo = Example;
		};
		608F5CC12768C8F50053F379 /* PBXContainerItemProxy */ = {
			isa = PBXContainerItemProxy;
			containerPortal = 608F5CB52768C8F50053F379 /* Pods.xcodeproj */;
			proxyType = 2;
			remoteGlobalIDString = 1F667CC0E19EAF34E5A4119E2121F585;
			remoteInfo = "Pods-Example";
		};
		608F5CC32768C8F50053F379 /* PBXContainerItemProxy */ = {
			isa = PBXContainerItemProxy;
			containerPortal = 608F5CB52768C8F50053F379 /* Pods.xcodeproj */;
			proxyType = 2;
			remoteGlobalIDString = E8E5A2DDEE01CA7716145CA1B033B7A3;
			remoteInfo = "Pods-Example-ExampleUITests";
		};
		608F5CC52768C8F50053F379 /* PBXContainerItemProxy */ = {
			isa = PBXContainerItemProxy;
			containerPortal = 608F5CB52768C8F50053F379 /* Pods.xcodeproj */;
			proxyType = 2;
			remoteGlobalIDString = 630CABE8F692FCDBFD1B122A2D0CE388;
			remoteInfo = "Pods-ExampleTests";
		};
		D630E3BD27FDAC9600AAAD67 /* PBXContainerItemProxy */ = {
			isa = PBXContainerItemProxy;
			containerPortal = 608F5CB52768C8F50053F379 /* Pods.xcodeproj */;
			proxyType = 2;
			remoteGlobalIDString = 22CF4473548B319322179C041F6D489A;
			remoteInfo = PayByBank;
		};
/* End PBXContainerItemProxy section */

/* Begin PBXFileReference section */
		21F3EAD93D21A712734ED722 /* Pods-Example.release.xcconfig */ = {isa = PBXFileReference; includeInIndex = 1; lastKnownFileType = text.xcconfig; name = "Pods-Example.release.xcconfig"; path = "Target Support Files/Pods-Example/Pods-Example.release.xcconfig"; sourceTree = "<group>"; };
		225621A28AB641ACAF024272 /* Pods_Example_ExampleUITests.framework */ = {isa = PBXFileReference; explicitFileType = wrapper.framework; includeInIndex = 0; path = Pods_Example_ExampleUITests.framework; sourceTree = BUILT_PRODUCTS_DIR; };
		2792475D4D19FBAE48B5B9D7 /* Pods-Example-ExampleUITests.release.xcconfig */ = {isa = PBXFileReference; includeInIndex = 1; lastKnownFileType = text.xcconfig; name = "Pods-Example-ExampleUITests.release.xcconfig"; path = "Target Support Files/Pods-Example-ExampleUITests/Pods-Example-ExampleUITests.release.xcconfig"; sourceTree = "<group>"; };
		49918D7648D1F17B5A0AD36A /* Pods-Example.debug.xcconfig */ = {isa = PBXFileReference; includeInIndex = 1; lastKnownFileType = text.xcconfig; name = "Pods-Example.debug.xcconfig"; path = "Target Support Files/Pods-Example/Pods-Example.debug.xcconfig"; sourceTree = "<group>"; };
		605411C927676A2C0044D861 /* Example.app */ = {isa = PBXFileReference; explicitFileType = wrapper.application; includeInIndex = 0; path = Example.app; sourceTree = BUILT_PRODUCTS_DIR; };
		605411DF27676A2D0044D861 /* ExampleTests.xctest */ = {isa = PBXFileReference; explicitFileType = wrapper.cfbundle; includeInIndex = 0; path = ExampleTests.xctest; sourceTree = BUILT_PRODUCTS_DIR; };
		605411E327676A2D0044D861 /* ExampleTests.swift */ = {isa = PBXFileReference; lastKnownFileType = sourcecode.swift; path = ExampleTests.swift; sourceTree = "<group>"; };
		605411E927676A2E0044D861 /* ExampleUITests.xctest */ = {isa = PBXFileReference; explicitFileType = wrapper.cfbundle; includeInIndex = 0; path = ExampleUITests.xctest; sourceTree = BUILT_PRODUCTS_DIR; };
		605411ED27676A2E0044D861 /* ExampleUITests.swift */ = {isa = PBXFileReference; lastKnownFileType = sourcecode.swift; path = ExampleUITests.swift; sourceTree = "<group>"; };
		605411EF27676A2E0044D861 /* ExampleUITestsLaunchTests.swift */ = {isa = PBXFileReference; lastKnownFileType = sourcecode.swift; path = ExampleUITestsLaunchTests.swift; sourceTree = "<group>"; };
		606AD00427FED5BD00F18782 /* DatalinkVC.swift */ = {isa = PBXFileReference; lastKnownFileType = sourcecode.swift; path = DatalinkVC.swift; sourceTree = "<group>"; };
		606AD00727FED73500F18782 /* TabsVC.swift */ = {isa = PBXFileReference; lastKnownFileType = sourcecode.swift; path = TabsVC.swift; sourceTree = "<group>"; };
		608F5CB52768C8F50053F379 /* Pods.xcodeproj */ = {isa = PBXFileReference; lastKnownFileType = "wrapper.pb-project"; name = Pods.xcodeproj; path = Pods/Pods.xcodeproj; sourceTree = "<group>"; };
		60DB8F5C2774B5C300AE132E /* PaylinkSDK.framework */ = {isa = PBXFileReference; explicitFileType = wrapper.framework; path = PaylinkSDK.framework; sourceTree = BUILT_PRODUCTS_DIR; };
		60E67A672767716F0032A5C3 /* PaylinkMobileSDK_iOS.framework */ = {isa = PBXFileReference; explicitFileType = wrapper.framework; path = PaylinkMobileSDK_iOS.framework; sourceTree = BUILT_PRODUCTS_DIR; };
		60FD542F27758D6F00EB7080 /* Button.swift */ = {isa = PBXFileReference; lastKnownFileType = sourcecode.swift; path = Button.swift; sourceTree = "<group>"; };
		60FD543127758E7B00EB7080 /* Label.swift */ = {isa = PBXFileReference; lastKnownFileType = sourcecode.swift; path = Label.swift; sourceTree = "<group>"; };
		60FD543427758FEC00EB7080 /* TextField.swift */ = {isa = PBXFileReference; lastKnownFileType = sourcecode.swift; path = TextField.swift; sourceTree = "<group>"; };
		60FD54372775903600EB7080 /* Color.swift */ = {isa = PBXFileReference; lastKnownFileType = sourcecode.swift; path = Color.swift; sourceTree = "<group>"; };
		60FD54392775906800EB7080 /* Font.swift */ = {isa = PBXFileReference; lastKnownFileType = sourcecode.swift; path = Font.swift; sourceTree = "<group>"; };
		80097DE5BEB0D50893EEA911 /* Pods-ExampleTests.release.xcconfig */ = {isa = PBXFileReference; includeInIndex = 1; lastKnownFileType = text.xcconfig; name = "Pods-ExampleTests.release.xcconfig"; path = "Target Support Files/Pods-ExampleTests/Pods-ExampleTests.release.xcconfig"; sourceTree = "<group>"; };
		94412FB9025F5CDCAF142232 /* Pods_Example.framework */ = {isa = PBXFileReference; explicitFileType = wrapper.framework; includeInIndex = 0; path = Pods_Example.framework; sourceTree = BUILT_PRODUCTS_DIR; };
		A34EEA0F53FEFF0BDE4A0E21 /* Pods-ExampleTests.debug.xcconfig */ = {isa = PBXFileReference; includeInIndex = 1; lastKnownFileType = text.xcconfig; name = "Pods-ExampleTests.debug.xcconfig"; path = "Target Support Files/Pods-ExampleTests/Pods-ExampleTests.debug.xcconfig"; sourceTree = "<group>"; };
		A39B598098C0F066E7EEEC69 /* Pods_ExampleTests.framework */ = {isa = PBXFileReference; explicitFileType = wrapper.framework; includeInIndex = 0; path = Pods_ExampleTests.framework; sourceTree = BUILT_PRODUCTS_DIR; };
		B4B8136B371DF2FEB06EC3EC /* Pods-Example-ExampleUITests.debug.xcconfig */ = {isa = PBXFileReference; includeInIndex = 1; lastKnownFileType = text.xcconfig; name = "Pods-Example-ExampleUITests.debug.xcconfig"; path = "Target Support Files/Pods-Example-ExampleUITests/Pods-Example-ExampleUITests.debug.xcconfig"; sourceTree = "<group>"; };
		D6F4603B276B6EAB00D49C4E /* AppDelegate.swift */ = {isa = PBXFileReference; fileEncoding = 4; lastKnownFileType = sourcecode.swift; path = AppDelegate.swift; sourceTree = "<group>"; };
		D6F4603C276B6EAB00D49C4E /* Assets.xcassets */ = {isa = PBXFileReference; lastKnownFileType = folder.assetcatalog; path = Assets.xcassets; sourceTree = "<group>"; };
		D6F4603D276B6EAB00D49C4E /* Info.plist */ = {isa = PBXFileReference; fileEncoding = 4; lastKnownFileType = text.plist.xml; path = Info.plist; sourceTree = "<group>"; };
		D6F4603E276B6EAB00D49C4E /* PaylinkVC.swift */ = {isa = PBXFileReference; fileEncoding = 4; lastKnownFileType = sourcecode.swift; path = PaylinkVC.swift; sourceTree = "<group>"; };
		D6F46045276B6F4900D49C4E /* LaunchScreen.storyboard */ = {isa = PBXFileReference; fileEncoding = 4; lastKnownFileType = file.storyboard; path = LaunchScreen.storyboard; sourceTree = "<group>"; };
		D6F46047276B6F6600D49C4E /* Main.storyboard */ = {isa = PBXFileReference; fileEncoding = 4; lastKnownFileType = file.storyboard; path = Main.storyboard; sourceTree = "<group>"; };
/* End PBXFileReference section */

/* Begin PBXFrameworksBuildPhase section */
		605411C627676A2C0044D861 /* Frameworks */ = {
			isa = PBXFrameworksBuildPhase;
			buildActionMask = 2147483647;
			files = (
				3EC671A9C258A225946D5EFA /* Pods_Example.framework in Frameworks */,
			);
			runOnlyForDeploymentPostprocessing = 0;
		};
		605411DC27676A2D0044D861 /* Frameworks */ = {
			isa = PBXFrameworksBuildPhase;
			buildActionMask = 2147483647;
			files = (
				95DDCE539A93406FCC280303 /* Pods_ExampleTests.framework in Frameworks */,
			);
			runOnlyForDeploymentPostprocessing = 0;
		};
		605411E627676A2D0044D861 /* Frameworks */ = {
			isa = PBXFrameworksBuildPhase;
			buildActionMask = 2147483647;
			files = (
				FDD9496B85DDB50D1C7D641C /* Pods_Example_ExampleUITests.framework in Frameworks */,
			);
			runOnlyForDeploymentPostprocessing = 0;
		};
/* End PBXFrameworksBuildPhase section */

/* Begin PBXGroup section */
		605411C027676A2C0044D861 = {
			isa = PBXGroup;
			children = (
				605411CB27676A2C0044D861 /* Example */,
				605411E227676A2D0044D861 /* ExampleTests */,
				605411EC27676A2E0044D861 /* ExampleUITests */,
				605411CA27676A2C0044D861 /* Products */,
				60E67A662767716F0032A5C3 /* Frameworks */,
				BAFEC56B07532760A811E411 /* Pods */,
				608F5CB52768C8F50053F379 /* Pods.xcodeproj */,
			);
			sourceTree = "<group>";
		};
		605411CA27676A2C0044D861 /* Products */ = {
			isa = PBXGroup;
			children = (
				605411C927676A2C0044D861 /* Example.app */,
				605411DF27676A2D0044D861 /* ExampleTests.xctest */,
				605411E927676A2E0044D861 /* ExampleUITests.xctest */,
			);
			name = Products;
			sourceTree = "<group>";
		};
		605411CB27676A2C0044D861 /* Example */ = {
			isa = PBXGroup;
			children = (
				606AD00627FED5F500F18782 /* Scenes */,
				60FD543327758F0400EB7080 /* UI */,
				D6F4603D276B6EAB00D49C4E /* Info.plist */,
				D6F46045276B6F4900D49C4E /* LaunchScreen.storyboard */,
				D6F46047276B6F6600D49C4E /* Main.storyboard */,
				D6F4603B276B6EAB00D49C4E /* AppDelegate.swift */,
				D6F4603C276B6EAB00D49C4E /* Assets.xcassets */,
			);
			path = Example;
			sourceTree = "<group>";
		};
		605411E227676A2D0044D861 /* ExampleTests */ = {
			isa = PBXGroup;
			children = (
				605411E327676A2D0044D861 /* ExampleTests.swift */,
			);
			path = ExampleTests;
			sourceTree = "<group>";
		};
		605411EC27676A2E0044D861 /* ExampleUITests */ = {
			isa = PBXGroup;
			children = (
				605411ED27676A2E0044D861 /* ExampleUITests.swift */,
				605411EF27676A2E0044D861 /* ExampleUITestsLaunchTests.swift */,
			);
			path = ExampleUITests;
			sourceTree = "<group>";
		};
		606AD00627FED5F500F18782 /* Scenes */ = {
			isa = PBXGroup;
			children = (
				606AD00427FED5BD00F18782 /* DatalinkVC.swift */,
				D6F4603E276B6EAB00D49C4E /* PaylinkVC.swift */,
				606AD00727FED73500F18782 /* TabsVC.swift */,
			);
			path = Scenes;
			sourceTree = "<group>";
		};
		608F5CB62768C8F50053F379 /* Products */ = {
			isa = PBXGroup;
			children = (
				D630E3BE27FDAC9600AAAD67 /* PayByBank */,
				608F5CC22768C8F50053F379 /* Pods-Example */,
				608F5CC42768C8F50053F379 /* Pods-Example-ExampleUITests */,
				608F5CC62768C8F50053F379 /* Pods-ExampleTests */,
			);
			name = Products;
			sourceTree = "<group>";
		};
		60E67A662767716F0032A5C3 /* Frameworks */ = {
			isa = PBXGroup;
			children = (
				60DB8F5C2774B5C300AE132E /* PaylinkSDK.framework */,
				60E67A672767716F0032A5C3 /* PaylinkMobileSDK_iOS.framework */,
				94412FB9025F5CDCAF142232 /* Pods_Example.framework */,
				225621A28AB641ACAF024272 /* Pods_Example_ExampleUITests.framework */,
				A39B598098C0F066E7EEEC69 /* Pods_ExampleTests.framework */,
			);
			name = Frameworks;
			sourceTree = "<group>";
		};
		60FD542A27758D5300EB7080 /* Component */ = {
			isa = PBXGroup;
			children = (
				60FD542F27758D6F00EB7080 /* Button.swift */,
				60FD543127758E7B00EB7080 /* Label.swift */,
				60FD543427758FEC00EB7080 /* TextField.swift */,
			);
			path = Component;
			sourceTree = "<group>";
		};
		60FD543327758F0400EB7080 /* UI */ = {
			isa = PBXGroup;
			children = (
				60FD542A27758D5300EB7080 /* Component */,
				60FD54372775903600EB7080 /* Color.swift */,
				60FD54392775906800EB7080 /* Font.swift */,
			);
			path = UI;
			sourceTree = "<group>";
		};
		BAFEC56B07532760A811E411 /* Pods */ = {
			isa = PBXGroup;
			children = (
				49918D7648D1F17B5A0AD36A /* Pods-Example.debug.xcconfig */,
				21F3EAD93D21A712734ED722 /* Pods-Example.release.xcconfig */,
				B4B8136B371DF2FEB06EC3EC /* Pods-Example-ExampleUITests.debug.xcconfig */,
				2792475D4D19FBAE48B5B9D7 /* Pods-Example-ExampleUITests.release.xcconfig */,
				A34EEA0F53FEFF0BDE4A0E21 /* Pods-ExampleTests.debug.xcconfig */,
				80097DE5BEB0D50893EEA911 /* Pods-ExampleTests.release.xcconfig */,
			);
			path = Pods;
			sourceTree = "<group>";
		};
/* End PBXGroup section */

/* Begin PBXNativeTarget section */
		605411C827676A2C0044D861 /* Example */ = {
			isa = PBXNativeTarget;
			buildConfigurationList = 605411F327676A2E0044D861 /* Build configuration list for PBXNativeTarget "Example" */;
			buildPhases = (
				D51DE515D331B5371FAF8F75 /* [CP] Check Pods Manifest.lock */,
				605411C527676A2C0044D861 /* Sources */,
				605411C627676A2C0044D861 /* Frameworks */,
				605411C727676A2C0044D861 /* Resources */,
				E917602971191CDF1901576F /* [CP] Embed Pods Frameworks */,
				D630E3B827FDAC9600AAAD67 /* SwiftLint */,
			);
			buildRules = (
			);
			dependencies = (
			);
			name = Example;
			productName = Example;
			productReference = 605411C927676A2C0044D861 /* Example.app */;
			productType = "com.apple.product-type.application";
		};
		605411DE27676A2D0044D861 /* ExampleTests */ = {
			isa = PBXNativeTarget;
			buildConfigurationList = 605411F627676A2E0044D861 /* Build configuration list for PBXNativeTarget "ExampleTests" */;
			buildPhases = (
				CCAEC4EACE01CBCF38BCE350 /* [CP] Check Pods Manifest.lock */,
				605411DB27676A2D0044D861 /* Sources */,
				605411DC27676A2D0044D861 /* Frameworks */,
				605411DD27676A2D0044D861 /* Resources */,
			);
			buildRules = (
			);
			dependencies = (
				605411E127676A2D0044D861 /* PBXTargetDependency */,
			);
			name = ExampleTests;
			productName = ExampleTests;
			productReference = 605411DF27676A2D0044D861 /* ExampleTests.xctest */;
			productType = "com.apple.product-type.bundle.unit-test";
		};
		605411E827676A2D0044D861 /* ExampleUITests */ = {
			isa = PBXNativeTarget;
			buildConfigurationList = 605411F927676A2E0044D861 /* Build configuration list for PBXNativeTarget "ExampleUITests" */;
			buildPhases = (
				B5366BB54C556538ABBAF63B /* [CP] Check Pods Manifest.lock */,
				605411E527676A2D0044D861 /* Sources */,
				605411E627676A2D0044D861 /* Frameworks */,
				605411E727676A2D0044D861 /* Resources */,
				1CEFD44725C875495F3089C1 /* [CP] Embed Pods Frameworks */,
			);
			buildRules = (
			);
			dependencies = (
				605411EB27676A2E0044D861 /* PBXTargetDependency */,
			);
			name = ExampleUITests;
			productName = ExampleUITests;
			productReference = 605411E927676A2E0044D861 /* ExampleUITests.xctest */;
			productType = "com.apple.product-type.bundle.ui-testing";
		};
/* End PBXNativeTarget section */

/* Begin PBXProject section */
		605411C127676A2C0044D861 /* Project object */ = {
			isa = PBXProject;
			attributes = {
				BuildIndependentTargetsInParallel = 1;
				LastSwiftUpdateCheck = 1310;
				LastUpgradeCheck = 1310;
				ORGANIZATIONNAME = Ecospend;
				TargetAttributes = {
					605411C827676A2C0044D861 = {
						CreatedOnToolsVersion = 13.1;
						LastSwiftMigration = 1320;
					};
					605411DE27676A2D0044D861 = {
						CreatedOnToolsVersion = 13.1;
						TestTargetID = 605411C827676A2C0044D861;
					};
					605411E827676A2D0044D861 = {
						CreatedOnToolsVersion = 13.1;
						TestTargetID = 605411C827676A2C0044D861;
					};
				};
			};
			buildConfigurationList = 605411C427676A2C0044D861 /* Build configuration list for PBXProject "Example" */;
			compatibilityVersion = "Xcode 13.0";
			developmentRegion = en;
			hasScannedForEncodings = 0;
			knownRegions = (
				en,
				Base,
			);
			mainGroup = 605411C027676A2C0044D861;
			productRefGroup = 605411CA27676A2C0044D861 /* Products */;
			projectDirPath = "";
			projectReferences = (
				{
					ProductGroup = 608F5CB62768C8F50053F379 /* Products */;
					ProjectRef = 608F5CB52768C8F50053F379 /* Pods.xcodeproj */;
				},
			);
			projectRoot = "";
			targets = (
				605411C827676A2C0044D861 /* Example */,
				605411DE27676A2D0044D861 /* ExampleTests */,
				605411E827676A2D0044D861 /* ExampleUITests */,
			);
		};
/* End PBXProject section */

/* Begin PBXReferenceProxy section */
		608F5CC22768C8F50053F379 /* Pods-Example */ = {
			isa = PBXReferenceProxy;
			fileType = wrapper.framework;
			name = "Pods-Example";
			path = Pods_Example.framework;
			remoteRef = 608F5CC12768C8F50053F379 /* PBXContainerItemProxy */;
			sourceTree = BUILT_PRODUCTS_DIR;
		};
		608F5CC42768C8F50053F379 /* Pods-Example-ExampleUITests */ = {
			isa = PBXReferenceProxy;
			fileType = wrapper.framework;
			name = "Pods-Example-ExampleUITests";
			path = Pods_Example_ExampleUITests.framework;
			remoteRef = 608F5CC32768C8F50053F379 /* PBXContainerItemProxy */;
			sourceTree = BUILT_PRODUCTS_DIR;
		};
		608F5CC62768C8F50053F379 /* Pods-ExampleTests */ = {
			isa = PBXReferenceProxy;
			fileType = wrapper.framework;
			name = "Pods-ExampleTests";
			path = Pods_ExampleTests.framework;
			remoteRef = 608F5CC52768C8F50053F379 /* PBXContainerItemProxy */;
			sourceTree = BUILT_PRODUCTS_DIR;
		};
		D630E3BE27FDAC9600AAAD67 /* PayByBank */ = {
			isa = PBXReferenceProxy;
			fileType = wrapper.framework;
			name = PayByBank;
			path = PayByBank.framework;
			remoteRef = D630E3BD27FDAC9600AAAD67 /* PBXContainerItemProxy */;
			sourceTree = BUILT_PRODUCTS_DIR;
		};
/* End PBXReferenceProxy section */

/* Begin PBXResourcesBuildPhase section */
		605411C727676A2C0044D861 /* Resources */ = {
			isa = PBXResourcesBuildPhase;
			buildActionMask = 2147483647;
			files = (
				D6F46046276B6F4900D49C4E /* LaunchScreen.storyboard in Resources */,
				D6F46048276B6F6600D49C4E /* Main.storyboard in Resources */,
				D6F46042276B6EAB00D49C4E /* Assets.xcassets in Resources */,
			);
			runOnlyForDeploymentPostprocessing = 0;
		};
		605411DD27676A2D0044D861 /* Resources */ = {
			isa = PBXResourcesBuildPhase;
			buildActionMask = 2147483647;
			files = (
			);
			runOnlyForDeploymentPostprocessing = 0;
		};
		605411E727676A2D0044D861 /* Resources */ = {
			isa = PBXResourcesBuildPhase;
			buildActionMask = 2147483647;
			files = (
			);
			runOnlyForDeploymentPostprocessing = 0;
		};
/* End PBXResourcesBuildPhase section */

/* Begin PBXShellScriptBuildPhase section */
		1CEFD44725C875495F3089C1 /* [CP] Embed Pods Frameworks */ = {
			isa = PBXShellScriptBuildPhase;
			buildActionMask = 2147483647;
			files = (
			);
			inputFileListPaths = (
				"${PODS_ROOT}/Target Support Files/Pods-Example-ExampleUITests/Pods-Example-ExampleUITests-frameworks-${CONFIGURATION}-input-files.xcfilelist",
			);
			name = "[CP] Embed Pods Frameworks";
			outputFileListPaths = (
				"${PODS_ROOT}/Target Support Files/Pods-Example-ExampleUITests/Pods-Example-ExampleUITests-frameworks-${CONFIGURATION}-output-files.xcfilelist",
			);
			runOnlyForDeploymentPostprocessing = 0;
			shellPath = /bin/sh;
			shellScript = "\"${PODS_ROOT}/Target Support Files/Pods-Example-ExampleUITests/Pods-Example-ExampleUITests-frameworks.sh\"\n";
			showEnvVarsInLog = 0;
		};
		B5366BB54C556538ABBAF63B /* [CP] Check Pods Manifest.lock */ = {
			isa = PBXShellScriptBuildPhase;
			buildActionMask = 2147483647;
			files = (
			);
			inputFileListPaths = (
			);
			inputPaths = (
				"${PODS_PODFILE_DIR_PATH}/Podfile.lock",
				"${PODS_ROOT}/Manifest.lock",
			);
			name = "[CP] Check Pods Manifest.lock";
			outputFileListPaths = (
			);
			outputPaths = (
				"$(DERIVED_FILE_DIR)/Pods-Example-ExampleUITests-checkManifestLockResult.txt",
			);
			runOnlyForDeploymentPostprocessing = 0;
			shellPath = /bin/sh;
			shellScript = "diff \"${PODS_PODFILE_DIR_PATH}/Podfile.lock\" \"${PODS_ROOT}/Manifest.lock\" > /dev/null\nif [ $? != 0 ] ; then\n    # print error to STDERR\n    echo \"error: The sandbox is not in sync with the Podfile.lock. Run 'pod install' or update your CocoaPods installation.\" >&2\n    exit 1\nfi\n# This output is used by Xcode 'outputs' to avoid re-running this script phase.\necho \"SUCCESS\" > \"${SCRIPT_OUTPUT_FILE_0}\"\n";
			showEnvVarsInLog = 0;
		};
		CCAEC4EACE01CBCF38BCE350 /* [CP] Check Pods Manifest.lock */ = {
			isa = PBXShellScriptBuildPhase;
			buildActionMask = 2147483647;
			files = (
			);
			inputFileListPaths = (
			);
			inputPaths = (
				"${PODS_PODFILE_DIR_PATH}/Podfile.lock",
				"${PODS_ROOT}/Manifest.lock",
			);
			name = "[CP] Check Pods Manifest.lock";
			outputFileListPaths = (
			);
			outputPaths = (
				"$(DERIVED_FILE_DIR)/Pods-ExampleTests-checkManifestLockResult.txt",
			);
			runOnlyForDeploymentPostprocessing = 0;
			shellPath = /bin/sh;
			shellScript = "diff \"${PODS_PODFILE_DIR_PATH}/Podfile.lock\" \"${PODS_ROOT}/Manifest.lock\" > /dev/null\nif [ $? != 0 ] ; then\n    # print error to STDERR\n    echo \"error: The sandbox is not in sync with the Podfile.lock. Run 'pod install' or update your CocoaPods installation.\" >&2\n    exit 1\nfi\n# This output is used by Xcode 'outputs' to avoid re-running this script phase.\necho \"SUCCESS\" > \"${SCRIPT_OUTPUT_FILE_0}\"\n";
			showEnvVarsInLog = 0;
		};
		D51DE515D331B5371FAF8F75 /* [CP] Check Pods Manifest.lock */ = {
			isa = PBXShellScriptBuildPhase;
			buildActionMask = 2147483647;
			files = (
			);
			inputFileListPaths = (
			);
			inputPaths = (
				"${PODS_PODFILE_DIR_PATH}/Podfile.lock",
				"${PODS_ROOT}/Manifest.lock",
			);
			name = "[CP] Check Pods Manifest.lock";
			outputFileListPaths = (
			);
			outputPaths = (
				"$(DERIVED_FILE_DIR)/Pods-Example-checkManifestLockResult.txt",
			);
			runOnlyForDeploymentPostprocessing = 0;
			shellPath = /bin/sh;
			shellScript = "diff \"${PODS_PODFILE_DIR_PATH}/Podfile.lock\" \"${PODS_ROOT}/Manifest.lock\" > /dev/null\nif [ $? != 0 ] ; then\n    # print error to STDERR\n    echo \"error: The sandbox is not in sync with the Podfile.lock. Run 'pod install' or update your CocoaPods installation.\" >&2\n    exit 1\nfi\n# This output is used by Xcode 'outputs' to avoid re-running this script phase.\necho \"SUCCESS\" > \"${SCRIPT_OUTPUT_FILE_0}\"\n";
			showEnvVarsInLog = 0;
		};
		D630E3B827FDAC9600AAAD67 /* SwiftLint */ = {
			isa = PBXShellScriptBuildPhase;
			buildActionMask = 2147483647;
			files = (
			);
			inputFileListPaths = (
			);
			inputPaths = (
			);
			name = SwiftLint;
			outputFileListPaths = (
			);
			outputPaths = (
			);
			runOnlyForDeploymentPostprocessing = 0;
			shellPath = /bin/sh;
			shellScript = "# Type a script or drag a script file from your workspace to insert its path.\nif which swiftlint >/dev/null; then\n  swiftlint\nelse\n  echo \"warning: SwiftLint not installed, download from https://github.com/realm/SwiftLint\"\nfi\n";
		};
		E917602971191CDF1901576F /* [CP] Embed Pods Frameworks */ = {
			isa = PBXShellScriptBuildPhase;
			buildActionMask = 2147483647;
			files = (
			);
			inputFileListPaths = (
				"${PODS_ROOT}/Target Support Files/Pods-Example/Pods-Example-frameworks-${CONFIGURATION}-input-files.xcfilelist",
			);
			name = "[CP] Embed Pods Frameworks";
			outputFileListPaths = (
				"${PODS_ROOT}/Target Support Files/Pods-Example/Pods-Example-frameworks-${CONFIGURATION}-output-files.xcfilelist",
			);
			runOnlyForDeploymentPostprocessing = 0;
			shellPath = /bin/sh;
			shellScript = "\"${PODS_ROOT}/Target Support Files/Pods-Example/Pods-Example-frameworks.sh\"\n";
			showEnvVarsInLog = 0;
		};
/* End PBXShellScriptBuildPhase section */

/* Begin PBXSourcesBuildPhase section */
		605411C527676A2C0044D861 /* Sources */ = {
			isa = PBXSourcesBuildPhase;
			buildActionMask = 2147483647;
			files = (
				D6F46041276B6EAB00D49C4E /* AppDelegate.swift in Sources */,
				60FD543027758D7000EB7080 /* Button.swift in Sources */,
				60FD543A2775906800EB7080 /* Font.swift in Sources */,
				60FD543227758E7B00EB7080 /* Label.swift in Sources */,
				606AD00827FED73500F18782 /* TabsVC.swift in Sources */,
				606AD00527FED5BD00F18782 /* DatalinkVC.swift in Sources */,
				60FD543527758FEC00EB7080 /* TextField.swift in Sources */,
				D6F46044276B6EAB00D49C4E /* PaylinkVC.swift in Sources */,
				60FD54382775903600EB7080 /* Color.swift in Sources */,
			);
			runOnlyForDeploymentPostprocessing = 0;
		};
		605411DB27676A2D0044D861 /* Sources */ = {
			isa = PBXSourcesBuildPhase;
			buildActionMask = 2147483647;
			files = (
				605411E427676A2D0044D861 /* ExampleTests.swift in Sources */,
			);
			runOnlyForDeploymentPostprocessing = 0;
		};
		605411E527676A2D0044D861 /* Sources */ = {
			isa = PBXSourcesBuildPhase;
			buildActionMask = 2147483647;
			files = (
				605411EE27676A2E0044D861 /* ExampleUITests.swift in Sources */,
				605411F027676A2E0044D861 /* ExampleUITestsLaunchTests.swift in Sources */,
			);
			runOnlyForDeploymentPostprocessing = 0;
		};
/* End PBXSourcesBuildPhase section */

/* Begin PBXTargetDependency section */
		605411E127676A2D0044D861 /* PBXTargetDependency */ = {
			isa = PBXTargetDependency;
			target = 605411C827676A2C0044D861 /* Example */;
			targetProxy = 605411E027676A2D0044D861 /* PBXContainerItemProxy */;
		};
		605411EB27676A2E0044D861 /* PBXTargetDependency */ = {
			isa = PBXTargetDependency;
			target = 605411C827676A2C0044D861 /* Example */;
			targetProxy = 605411EA27676A2E0044D861 /* PBXContainerItemProxy */;
		};
/* End PBXTargetDependency section */

/* Begin XCBuildConfiguration section */
		605411F127676A2E0044D861 /* Debug */ = {
			isa = XCBuildConfiguration;
			buildSettings = {
				ALWAYS_SEARCH_USER_PATHS = NO;
				CLANG_ANALYZER_NONNULL = YES;
				CLANG_ANALYZER_NUMBER_OBJECT_CONVERSION = YES_AGGRESSIVE;
				CLANG_CXX_LANGUAGE_STANDARD = "gnu++17";
				CLANG_CXX_LIBRARY = "libc++";
				CLANG_ENABLE_MODULES = YES;
				CLANG_ENABLE_OBJC_ARC = YES;
				CLANG_ENABLE_OBJC_WEAK = YES;
				CLANG_WARN_BLOCK_CAPTURE_AUTORELEASING = YES;
				CLANG_WARN_BOOL_CONVERSION = YES;
				CLANG_WARN_COMMA = YES;
				CLANG_WARN_CONSTANT_CONVERSION = YES;
				CLANG_WARN_DEPRECATED_OBJC_IMPLEMENTATIONS = YES;
				CLANG_WARN_DIRECT_OBJC_ISA_USAGE = YES_ERROR;
				CLANG_WARN_DOCUMENTATION_COMMENTS = YES;
				CLANG_WARN_EMPTY_BODY = YES;
				CLANG_WARN_ENUM_CONVERSION = YES;
				CLANG_WARN_INFINITE_RECURSION = YES;
				CLANG_WARN_INT_CONVERSION = YES;
				CLANG_WARN_NON_LITERAL_NULL_CONVERSION = YES;
				CLANG_WARN_OBJC_IMPLICIT_RETAIN_SELF = YES;
				CLANG_WARN_OBJC_LITERAL_CONVERSION = YES;
				CLANG_WARN_OBJC_ROOT_CLASS = YES_ERROR;
				CLANG_WARN_QUOTED_INCLUDE_IN_FRAMEWORK_HEADER = YES;
				CLANG_WARN_RANGE_LOOP_ANALYSIS = YES;
				CLANG_WARN_STRICT_PROTOTYPES = YES;
				CLANG_WARN_SUSPICIOUS_MOVE = YES;
				CLANG_WARN_UNGUARDED_AVAILABILITY = YES_AGGRESSIVE;
				CLANG_WARN_UNREACHABLE_CODE = YES;
				CLANG_WARN__DUPLICATE_METHOD_MATCH = YES;
				COPY_PHASE_STRIP = NO;
				DEBUG_INFORMATION_FORMAT = dwarf;
				ENABLE_STRICT_OBJC_MSGSEND = YES;
				ENABLE_TESTABILITY = YES;
				GCC_C_LANGUAGE_STANDARD = gnu11;
				GCC_DYNAMIC_NO_PIC = NO;
				GCC_NO_COMMON_BLOCKS = YES;
				GCC_OPTIMIZATION_LEVEL = 0;
				GCC_PREPROCESSOR_DEFINITIONS = (
					"DEBUG=1",
					"$(inherited)",
				);
				GCC_WARN_64_TO_32_BIT_CONVERSION = YES;
				GCC_WARN_ABOUT_RETURN_TYPE = YES_ERROR;
				GCC_WARN_UNDECLARED_SELECTOR = YES;
				GCC_WARN_UNINITIALIZED_AUTOS = YES_AGGRESSIVE;
				GCC_WARN_UNUSED_FUNCTION = YES;
				GCC_WARN_UNUSED_VARIABLE = YES;
				IPHONEOS_DEPLOYMENT_TARGET = 15.0;
				MTL_ENABLE_DEBUG_INFO = INCLUDE_SOURCE;
				MTL_FAST_MATH = YES;
				ONLY_ACTIVE_ARCH = YES;
				SDKROOT = iphoneos;
				SWIFT_ACTIVE_COMPILATION_CONDITIONS = DEBUG;
				SWIFT_OPTIMIZATION_LEVEL = "-Onone";
			};
			name = Debug;
		};
		605411F227676A2E0044D861 /* Release */ = {
			isa = XCBuildConfiguration;
			buildSettings = {
				ALWAYS_SEARCH_USER_PATHS = NO;
				CLANG_ANALYZER_NONNULL = YES;
				CLANG_ANALYZER_NUMBER_OBJECT_CONVERSION = YES_AGGRESSIVE;
				CLANG_CXX_LANGUAGE_STANDARD = "gnu++17";
				CLANG_CXX_LIBRARY = "libc++";
				CLANG_ENABLE_MODULES = YES;
				CLANG_ENABLE_OBJC_ARC = YES;
				CLANG_ENABLE_OBJC_WEAK = YES;
				CLANG_WARN_BLOCK_CAPTURE_AUTORELEASING = YES;
				CLANG_WARN_BOOL_CONVERSION = YES;
				CLANG_WARN_COMMA = YES;
				CLANG_WARN_CONSTANT_CONVERSION = YES;
				CLANG_WARN_DEPRECATED_OBJC_IMPLEMENTATIONS = YES;
				CLANG_WARN_DIRECT_OBJC_ISA_USAGE = YES_ERROR;
				CLANG_WARN_DOCUMENTATION_COMMENTS = YES;
				CLANG_WARN_EMPTY_BODY = YES;
				CLANG_WARN_ENUM_CONVERSION = YES;
				CLANG_WARN_INFINITE_RECURSION = YES;
				CLANG_WARN_INT_CONVERSION = YES;
				CLANG_WARN_NON_LITERAL_NULL_CONVERSION = YES;
				CLANG_WARN_OBJC_IMPLICIT_RETAIN_SELF = YES;
				CLANG_WARN_OBJC_LITERAL_CONVERSION = YES;
				CLANG_WARN_OBJC_ROOT_CLASS = YES_ERROR;
				CLANG_WARN_QUOTED_INCLUDE_IN_FRAMEWORK_HEADER = YES;
				CLANG_WARN_RANGE_LOOP_ANALYSIS = YES;
				CLANG_WARN_STRICT_PROTOTYPES = YES;
				CLANG_WARN_SUSPICIOUS_MOVE = YES;
				CLANG_WARN_UNGUARDED_AVAILABILITY = YES_AGGRESSIVE;
				CLANG_WARN_UNREACHABLE_CODE = YES;
				CLANG_WARN__DUPLICATE_METHOD_MATCH = YES;
				COPY_PHASE_STRIP = NO;
				DEBUG_INFORMATION_FORMAT = "dwarf-with-dsym";
				ENABLE_NS_ASSERTIONS = NO;
				ENABLE_STRICT_OBJC_MSGSEND = YES;
				GCC_C_LANGUAGE_STANDARD = gnu11;
				GCC_NO_COMMON_BLOCKS = YES;
				GCC_WARN_64_TO_32_BIT_CONVERSION = YES;
				GCC_WARN_ABOUT_RETURN_TYPE = YES_ERROR;
				GCC_WARN_UNDECLARED_SELECTOR = YES;
				GCC_WARN_UNINITIALIZED_AUTOS = YES_AGGRESSIVE;
				GCC_WARN_UNUSED_FUNCTION = YES;
				GCC_WARN_UNUSED_VARIABLE = YES;
				IPHONEOS_DEPLOYMENT_TARGET = 15.0;
				MTL_ENABLE_DEBUG_INFO = NO;
				MTL_FAST_MATH = YES;
				SDKROOT = iphoneos;
				SWIFT_COMPILATION_MODE = wholemodule;
				SWIFT_OPTIMIZATION_LEVEL = "-O";
				VALIDATE_PRODUCT = YES;
			};
			name = Release;
		};
		605411F427676A2E0044D861 /* Debug */ = {
			isa = XCBuildConfiguration;
			baseConfigurationReference = 49918D7648D1F17B5A0AD36A /* Pods-Example.debug.xcconfig */;
			buildSettings = {
				ASSETCATALOG_COMPILER_APPICON_NAME = AppIcon;
				ASSETCATALOG_COMPILER_GLOBAL_ACCENT_COLOR_NAME = AccentColor;
				CLANG_ENABLE_MODULES = YES;
				CODE_SIGN_STYLE = Automatic;
				CURRENT_PROJECT_VERSION = 1;
				DEVELOPMENT_TEAM = WS566YMMA9;
				GENERATE_INFOPLIST_FILE = YES;
				INFOPLIST_FILE = Example/Info.plist;
				INFOPLIST_KEY_UIApplicationSupportsIndirectInputEvents = YES;
				INFOPLIST_KEY_UILaunchStoryboardName = Main;
				INFOPLIST_KEY_UIMainStoryboardFile = Main;
				INFOPLIST_KEY_UISupportedInterfaceOrientations = UIInterfaceOrientationPortrait;
				INFOPLIST_KEY_UISupportedInterfaceOrientations_iPad = "UIInterfaceOrientationPortrait UIInterfaceOrientationPortraitUpsideDown UIInterfaceOrientationLandscapeLeft UIInterfaceOrientationLandscapeRight";
				INFOPLIST_KEY_UISupportedInterfaceOrientations_iPhone = "UIInterfaceOrientationPortrait UIInterfaceOrientationLandscapeLeft UIInterfaceOrientationLandscapeRight";
				LD_RUNPATH_SEARCH_PATHS = (
					"$(inherited)",
					"@executable_path/Frameworks",
				);
				MARKETING_VERSION = 1.0;
				PRODUCT_BUNDLE_IDENTIFIER = com.ecospend.paylinkmobilesdk.example;
				PRODUCT_NAME = "$(TARGET_NAME)";
				SWIFT_EMIT_LOC_STRINGS = YES;
				SWIFT_OPTIMIZATION_LEVEL = "-Onone";
				SWIFT_VERSION = 5.0;
				TARGETED_DEVICE_FAMILY = "1,2";
			};
			name = Debug;
		};
		605411F527676A2E0044D861 /* Release */ = {
			isa = XCBuildConfiguration;
			baseConfigurationReference = 21F3EAD93D21A712734ED722 /* Pods-Example.release.xcconfig */;
			buildSettings = {
				ASSETCATALOG_COMPILER_APPICON_NAME = AppIcon;
				ASSETCATALOG_COMPILER_GLOBAL_ACCENT_COLOR_NAME = AccentColor;
				CLANG_ENABLE_MODULES = YES;
				CODE_SIGN_STYLE = Automatic;
				CURRENT_PROJECT_VERSION = 1;
				DEVELOPMENT_TEAM = WS566YMMA9;
				GENERATE_INFOPLIST_FILE = YES;
				INFOPLIST_FILE = Example/Info.plist;
				INFOPLIST_KEY_UIApplicationSupportsIndirectInputEvents = YES;
				INFOPLIST_KEY_UILaunchStoryboardName = Main;
				INFOPLIST_KEY_UIMainStoryboardFile = Main;
				INFOPLIST_KEY_UISupportedInterfaceOrientations = UIInterfaceOrientationPortrait;
				INFOPLIST_KEY_UISupportedInterfaceOrientations_iPad = "UIInterfaceOrientationPortrait UIInterfaceOrientationPortraitUpsideDown UIInterfaceOrientationLandscapeLeft UIInterfaceOrientationLandscapeRight";
				INFOPLIST_KEY_UISupportedInterfaceOrientations_iPhone = "UIInterfaceOrientationPortrait UIInterfaceOrientationLandscapeLeft UIInterfaceOrientationLandscapeRight";
				LD_RUNPATH_SEARCH_PATHS = (
					"$(inherited)",
					"@executable_path/Frameworks",
				);
				MARKETING_VERSION = 1.0;
				PRODUCT_BUNDLE_IDENTIFIER = com.ecospend.paylinkmobilesdk.example;
				PRODUCT_NAME = "$(TARGET_NAME)";
				SWIFT_EMIT_LOC_STRINGS = YES;
				SWIFT_VERSION = 5.0;
				TARGETED_DEVICE_FAMILY = "1,2";
			};
			name = Release;
		};
		605411F727676A2E0044D861 /* Debug */ = {
			isa = XCBuildConfiguration;
			baseConfigurationReference = A34EEA0F53FEFF0BDE4A0E21 /* Pods-ExampleTests.debug.xcconfig */;
			buildSettings = {
				ALWAYS_EMBED_SWIFT_STANDARD_LIBRARIES = "$(inherited)";
				BUNDLE_LOADER = "$(TEST_HOST)";
				CODE_SIGN_STYLE = Automatic;
				CURRENT_PROJECT_VERSION = 1;
				DEVELOPMENT_TEAM = WS566YMMA9;
				GENERATE_INFOPLIST_FILE = YES;
				IPHONEOS_DEPLOYMENT_TARGET = 15.0;
				LD_RUNPATH_SEARCH_PATHS = (
					"$(inherited)",
					"@executable_path/Frameworks",
					"@loader_path/Frameworks",
				);
				MARKETING_VERSION = 1.0;
				PRODUCT_BUNDLE_IDENTIFIER = com.ecospend.paylinkmobilesdk.example.ExampleTests;
				PRODUCT_NAME = "$(TARGET_NAME)";
				SWIFT_EMIT_LOC_STRINGS = NO;
				SWIFT_VERSION = 5.0;
				TARGETED_DEVICE_FAMILY = "1,2";
				TEST_HOST = "$(BUILT_PRODUCTS_DIR)/Example.app/Example";
			};
			name = Debug;
		};
		605411F827676A2E0044D861 /* Release */ = {
			isa = XCBuildConfiguration;
			baseConfigurationReference = 80097DE5BEB0D50893EEA911 /* Pods-ExampleTests.release.xcconfig */;
			buildSettings = {
				ALWAYS_EMBED_SWIFT_STANDARD_LIBRARIES = "$(inherited)";
				BUNDLE_LOADER = "$(TEST_HOST)";
				CODE_SIGN_STYLE = Automatic;
				CURRENT_PROJECT_VERSION = 1;
				DEVELOPMENT_TEAM = WS566YMMA9;
				GENERATE_INFOPLIST_FILE = YES;
				IPHONEOS_DEPLOYMENT_TARGET = 15.0;
				LD_RUNPATH_SEARCH_PATHS = (
					"$(inherited)",
					"@executable_path/Frameworks",
					"@loader_path/Frameworks",
				);
				MARKETING_VERSION = 1.0;
				PRODUCT_BUNDLE_IDENTIFIER = com.ecospend.paylinkmobilesdk.example.ExampleTests;
				PRODUCT_NAME = "$(TARGET_NAME)";
				SWIFT_EMIT_LOC_STRINGS = NO;
				SWIFT_VERSION = 5.0;
				TARGETED_DEVICE_FAMILY = "1,2";
				TEST_HOST = "$(BUILT_PRODUCTS_DIR)/Example.app/Example";
			};
			name = Release;
		};
		605411FA27676A2E0044D861 /* Debug */ = {
			isa = XCBuildConfiguration;
			baseConfigurationReference = B4B8136B371DF2FEB06EC3EC /* Pods-Example-ExampleUITests.debug.xcconfig */;
			buildSettings = {
				ALWAYS_EMBED_SWIFT_STANDARD_LIBRARIES = "$(inherited)";
				CODE_SIGN_STYLE = Automatic;
				CURRENT_PROJECT_VERSION = 1;
				DEVELOPMENT_TEAM = WS566YMMA9;
				GENERATE_INFOPLIST_FILE = YES;
				LD_RUNPATH_SEARCH_PATHS = (
					"$(inherited)",
					"@executable_path/Frameworks",
					"@loader_path/Frameworks",
				);
				MARKETING_VERSION = 1.0;
				OTHER_LDFLAGS = "$(inherited)";
				PRODUCT_BUNDLE_IDENTIFIER = com.ecospend.paylinkmobilesdk.example.ExampleUITests;
				PRODUCT_NAME = "$(TARGET_NAME)";
				SWIFT_EMIT_LOC_STRINGS = NO;
				SWIFT_VERSION = 5.0;
				TARGETED_DEVICE_FAMILY = "1,2";
				TEST_TARGET_NAME = Example;
			};
			name = Debug;
		};
		605411FB27676A2E0044D861 /* Release */ = {
			isa = XCBuildConfiguration;
			baseConfigurationReference = 2792475D4D19FBAE48B5B9D7 /* Pods-Example-ExampleUITests.release.xcconfig */;
			buildSettings = {
				ALWAYS_EMBED_SWIFT_STANDARD_LIBRARIES = "$(inherited)";
				CODE_SIGN_STYLE = Automatic;
				CURRENT_PROJECT_VERSION = 1;
				DEVELOPMENT_TEAM = WS566YMMA9;
				GENERATE_INFOPLIST_FILE = YES;
				LD_RUNPATH_SEARCH_PATHS = (
					"$(inherited)",
					"@executable_path/Frameworks",
					"@loader_path/Frameworks",
				);
				MARKETING_VERSION = 1.0;
				OTHER_LDFLAGS = "$(inherited)";
				PRODUCT_BUNDLE_IDENTIFIER = com.ecospend.paylinkmobilesdk.example.ExampleUITests;
				PRODUCT_NAME = "$(TARGET_NAME)";
				SWIFT_EMIT_LOC_STRINGS = NO;
				SWIFT_VERSION = 5.0;
				TARGETED_DEVICE_FAMILY = "1,2";
				TEST_TARGET_NAME = Example;
			};
			name = Release;
		};
/* End XCBuildConfiguration section */

/* Begin XCConfigurationList section */
		605411C427676A2C0044D861 /* Build configuration list for PBXProject "Example" */ = {
			isa = XCConfigurationList;
			buildConfigurations = (
				605411F127676A2E0044D861 /* Debug */,
				605411F227676A2E0044D861 /* Release */,
			);
			defaultConfigurationIsVisible = 0;
			defaultConfigurationName = Release;
		};
		605411F327676A2E0044D861 /* Build configuration list for PBXNativeTarget "Example" */ = {
			isa = XCConfigurationList;
			buildConfigurations = (
				605411F427676A2E0044D861 /* Debug */,
				605411F527676A2E0044D861 /* Release */,
			);
			defaultConfigurationIsVisible = 0;
			defaultConfigurationName = Release;
		};
		605411F627676A2E0044D861 /* Build configuration list for PBXNativeTarget "ExampleTests" */ = {
			isa = XCConfigurationList;
			buildConfigurations = (
				605411F727676A2E0044D861 /* Debug */,
				605411F827676A2E0044D861 /* Release */,
			);
			defaultConfigurationIsVisible = 0;
			defaultConfigurationName = Release;
		};
		605411F927676A2E0044D861 /* Build configuration list for PBXNativeTarget "ExampleUITests" */ = {
			isa = XCConfigurationList;
			buildConfigurations = (
				605411FA27676A2E0044D861 /* Debug */,
				605411FB27676A2E0044D861 /* Release */,
			);
			defaultConfigurationIsVisible = 0;
			defaultConfigurationName = Release;
		};
/* End XCConfigurationList section */
	};
	rootObject = 605411C127676A2C0044D861 /* Project object */;
}
