PODS:
  - Flutter (2.5)
  - Paylink/Core (1.0)
  - Paylink/Flutter (1.0):
    - Flutter
    - Paylink/Core

DEPENDENCIES:
  - Paylink/Flutter (from `../../../`)

SPEC REPOS:
  trunk:
    - Flutter

EXTERNAL SOURCES:
  Paylink:
    :path: "../../../"

SPEC CHECKSUMS:
  Flutter: 4e094eefe76d76f60537272587a6eb1abcf12d09
  Paylink: e7d31d03ee95da787e65a075f35cede57a4fefcc

PODFILE CHECKSUM: b3eb33fefeeb48017525c483adcaf80efeff809c

COCOAPODS: 1.10.1
